
Microsoft Visual Studio Solution File, Format Version 12.00
# Visual Studio 2013
VisualStudioVersion = 12.0.30723.0
MinimumVisualStudioVersion = 10.0.40219.1
Project("{FAE04EC0-301F-11D3-BF4B-00C04F79EFBC}") = "ConsoleApplication20", "ConsoleApplication20\ConsoleApplication20.csproj", "{6A3B4582-0FBD-4D86-89FB-E4A3B49A061C}"
EndProject
Global
	GlobalSection(SolutionConfigurationPlatforms) = preSolution
		Debug|Any CPU = Debug|Any CPU
		Release|Any CPU = Release|Any CPU
	EndGlobalSection
	GlobalSection(ProjectConfigurationPlatforms) = postSolution
		{6A3B4582-0FBD-4D86-89FB-E4A3B49A061C}.Debug|Any CPU.ActiveCfg = Debug|Any CPU
		{6A3B4582-0FBD-4D86-89FB-E4A3B49A061C}.Debug|Any CPU.Build.0 = Debug|Any CPU
		{6A3B4582-0FBD-4D86-89FB-E4A3B49A061C}.Release|Any CPU.ActiveCfg = Release|Any CPU
		{6A3B4582-0FBD-4D86-89FB-E4A3B49A061C}.Release|Any CPU.Build.0 = Release|Any CPU
	EndGlobalSection
	GlobalSection(SolutionProperties) = preSolution
		HideSolutionNode = FALSE
	EndGlobalSection
EndGlobal
